// !$*UTF8*$!
{
	archiveVersion = 1;
	classes = {
	};
	objectVersion = 56;
	objects = {

/* Begin PBXBuildFile section */
		1F36F3792BD4C75F00DB1D31 /* GoogleService-Info.plist in Resources */ = {isa = PBXBuildFile; fileRef = 1F36F3782BD4C75F00DB1D31 /* GoogleService-Info.plist */; };
		1F36F37C2BD4C84000DB1D31 /* FirebaseAnalytics in Frameworks */ = {isa = PBXBuildFile; productRef = 1F36F37B2BD4C84000DB1D31 /* FirebaseAnalytics */; };
		1F36F37E2BD4C84000DB1D31 /* FirebaseAnalyticsOnDeviceConversion in Frameworks */ = {isa = PBXBuildFile; productRef = 1F36F37D2BD4C84000DB1D31 /* FirebaseAnalyticsOnDeviceConversion */; };
		1F36F3802BD4C84000DB1D31 /* FirebaseAnalyticsSwift in Frameworks */ = {isa = PBXBuildFile; productRef = 1F36F37F2BD4C84000DB1D31 /* FirebaseAnalyticsSwift */; };
		1F36F3822BD4C84000DB1D31 /* FirebaseAnalyticsWithoutAdIdSupport in Frameworks */ = {isa = PBXBuildFile; productRef = 1F36F3812BD4C84000DB1D31 /* FirebaseAnalyticsWithoutAdIdSupport */; };
		1F36F3842BD4C84000DB1D31 /* FirebaseAppCheck in Frameworks */ = {isa = PBXBuildFile; productRef = 1F36F3832BD4C84000DB1D31 /* FirebaseAppCheck */; };
		1F36F3862BD4C84000DB1D31 /* FirebaseAppDistribution-Beta in Frameworks */ = {isa = PBXBuildFile; productRef = 1F36F3852BD4C84000DB1D31 /* FirebaseAppDistribution-Beta */; };
		1F36F3882BD4C84000DB1D31 /* FirebaseAuth in Frameworks */ = {isa = PBXBuildFile; productRef = 1F36F3872BD4C84000DB1D31 /* FirebaseAuth */; };
		1F36F38A2BD4C84000DB1D31 /* FirebaseAuthCombine-Community in Frameworks */ = {isa = PBXBuildFile; productRef = 1F36F3892BD4C84000DB1D31 /* FirebaseAuthCombine-Community */; };
		1F36F38C2BD4C84000DB1D31 /* FirebaseCrashlytics in Frameworks */ = {isa = PBXBuildFile; productRef = 1F36F38B2BD4C84000DB1D31 /* FirebaseCrashlytics */; };
		1F36F38E2BD4C84000DB1D31 /* FirebaseDatabase in Frameworks */ = {isa = PBXBuildFile; productRef = 1F36F38D2BD4C84000DB1D31 /* FirebaseDatabase */; };
		1F36F3902BD4C84000DB1D31 /* FirebaseDatabaseSwift in Frameworks */ = {isa = PBXBuildFile; productRef = 1F36F38F2BD4C84000DB1D31 /* FirebaseDatabaseSwift */; };
		1F36F3922BD4C84000DB1D31 /* FirebaseDynamicLinks in Frameworks */ = {isa = PBXBuildFile; productRef = 1F36F3912BD4C84000DB1D31 /* FirebaseDynamicLinks */; };
		1F36F3942BD4C84000DB1D31 /* FirebaseFirestore in Frameworks */ = {isa = PBXBuildFile; productRef = 1F36F3932BD4C84000DB1D31 /* FirebaseFirestore */; };
		1F36F3962BD4C84000DB1D31 /* FirebaseFirestoreCombine-Community in Frameworks */ = {isa = PBXBuildFile; productRef = 1F36F3952BD4C84000DB1D31 /* FirebaseFirestoreCombine-Community */; };
		1F36F3982BD4C84000DB1D31 /* FirebaseFirestoreSwift in Frameworks */ = {isa = PBXBuildFile; productRef = 1F36F3972BD4C84000DB1D31 /* FirebaseFirestoreSwift */; };
		1F36F39A2BD4C84000DB1D31 /* FirebaseFunctions in Frameworks */ = {isa = PBXBuildFile; productRef = 1F36F3992BD4C84000DB1D31 /* FirebaseFunctions */; };
		1F36F39C2BD4C84000DB1D31 /* FirebaseFunctionsCombine-Community in Frameworks */ = {isa = PBXBuildFile; productRef = 1F36F39B2BD4C84000DB1D31 /* FirebaseFunctionsCombine-Community */; };
		1F36F39E2BD4C84000DB1D31 /* FirebaseInAppMessaging-Beta in Frameworks */ = {isa = PBXBuildFile; productRef = 1F36F39D2BD4C84000DB1D31 /* FirebaseInAppMessaging-Beta */; };
		1F36F3A02BD4C84000DB1D31 /* FirebaseInAppMessagingSwift-Beta in Frameworks */ = {isa = PBXBuildFile; productRef = 1F36F39F2BD4C84000DB1D31 /* FirebaseInAppMessagingSwift-Beta */; };
		1F36F3A22BD4C84000DB1D31 /* FirebaseInstallations in Frameworks */ = {isa = PBXBuildFile; productRef = 1F36F3A12BD4C84000DB1D31 /* FirebaseInstallations */; };
		1F36F3A42BD4C84000DB1D31 /* FirebaseMLModelDownloader in Frameworks */ = {isa = PBXBuildFile; productRef = 1F36F3A32BD4C84000DB1D31 /* FirebaseMLModelDownloader */; };
		1F36F3A62BD4C84000DB1D31 /* FirebaseMessaging in Frameworks */ = {isa = PBXBuildFile; productRef = 1F36F3A52BD4C84000DB1D31 /* FirebaseMessaging */; };
		1F36F3A82BD4C84000DB1D31 /* FirebasePerformance in Frameworks */ = {isa = PBXBuildFile; productRef = 1F36F3A72BD4C84000DB1D31 /* FirebasePerformance */; };
		1F36F3AA2BD4C84000DB1D31 /* FirebaseRemoteConfig in Frameworks */ = {isa = PBXBuildFile; productRef = 1F36F3A92BD4C84000DB1D31 /* FirebaseRemoteConfig */; };
		1F36F3AC2BD4C84000DB1D31 /* FirebaseRemoteConfigSwift in Frameworks */ = {isa = PBXBuildFile; productRef = 1F36F3AB2BD4C84000DB1D31 /* FirebaseRemoteConfigSwift */; };
		1F36F3AE2BD4C84000DB1D31 /* FirebaseStorage in Frameworks */ = {isa = PBXBuildFile; productRef = 1F36F3AD2BD4C84000DB1D31 /* FirebaseStorage */; };
		1F36F3B02BD4C84000DB1D31 /* FirebaseStorageCombine-Community in Frameworks */ = {isa = PBXBuildFile; productRef = 1F36F3AF2BD4C84000DB1D31 /* FirebaseStorageCombine-Community */; };
		1F45870E2BC59AE900CB5562 /* SettingsView.swift in Sources */ = {isa = PBXBuildFile; fileRef = 1F45870D2BC59AE900CB5562 /* SettingsView.swift */; };
		1F4587102BC59AEF00CB5562 /* ProfileView.swift in Sources */ = {isa = PBXBuildFile; fileRef = 1F45870F2BC59AEF00CB5562 /* ProfileView.swift */; };
		1F54FDEA2BA355390063B0C4 /* HomeView.swift in Sources */ = {isa = PBXBuildFile; fileRef = 1F54FDE92BA355390063B0C4 /* HomeView.swift */; };
		1F6177C12BE58A6B0038BD17 /* WBHostView.swift in Sources */ = {isa = PBXBuildFile; fileRef = 1F6177C02BE58A6B0038BD17 /* WBHostView.swift */; };
		1F6177C42BEB152C0038BD17 /* WBHostViewModel.swift in Sources */ = {isa = PBXBuildFile; fileRef = 1F6177C32BEB152C0038BD17 /* WBHostViewModel.swift */; };
		1F6177C62BEB15D20038BD17 /* WBJoinView.swift in Sources */ = {isa = PBXBuildFile; fileRef = 1F6177C52BEB15D20038BD17 /* WBJoinView.swift */; };
		1F7CF1D22BE2A26F00EC9E67 /* FirebaseAnalytics in Frameworks */ = {isa = PBXBuildFile; productRef = 1F7CF1D12BE2A26F00EC9E67 /* FirebaseAnalytics */; };
		1F7CF1D42BE2A26F00EC9E67 /* FirebaseAnalyticsOnDeviceConversion in Frameworks */ = {isa = PBXBuildFile; productRef = 1F7CF1D32BE2A26F00EC9E67 /* FirebaseAnalyticsOnDeviceConversion */; };
		1F7CF1D62BE2A26F00EC9E67 /* FirebaseAnalyticsSwift in Frameworks */ = {isa = PBXBuildFile; productRef = 1F7CF1D52BE2A26F00EC9E67 /* FirebaseAnalyticsSwift */; };
		1F7CF1D82BE2A26F00EC9E67 /* FirebaseAnalyticsWithoutAdIdSupport in Frameworks */ = {isa = PBXBuildFile; productRef = 1F7CF1D72BE2A26F00EC9E67 /* FirebaseAnalyticsWithoutAdIdSupport */; };
		1F7CF1DA2BE2A26F00EC9E67 /* FirebaseAppCheck in Frameworks */ = {isa = PBXBuildFile; productRef = 1F7CF1D92BE2A26F00EC9E67 /* FirebaseAppCheck */; };
		1F9C63C42BCF1E7400782B3A /* TriviaTrenchHomeView.swift in Sources */ = {isa = PBXBuildFile; fileRef = 1F9C63C32BCF1E7400782B3A /* TriviaTrenchHomeView.swift */; };
		1F9C63C62BCF1EB400782B3A /* HeadsUpHomeView.swift in Sources */ = {isa = PBXBuildFile; fileRef = 1F9C63C52BCF1EB400782B3A /* HeadsUpHomeView.swift */; };
		1F9C63C82BCF1EC400782B3A /* WardleHomeView.swift in Sources */ = {isa = PBXBuildFile; fileRef = 1F9C63C72BCF1EC400782B3A /* WardleHomeView.swift */; };
		1F9C63CA2BCF1ED300782B3A /* SniperTrainerHomeView.swift in Sources */ = {isa = PBXBuildFile; fileRef = 1F9C63C92BCF1ED300782B3A /* SniperTrainerHomeView.swift */; };
		1F9C63CC2BD04CCA00782B3A /* Settings.swift in Sources */ = {isa = PBXBuildFile; fileRef = 1F9C63CB2BD04CCA00782B3A /* Settings.swift */; };
		1FADC6872BCC71A400706DC1 /* ImageExtensions.swift in Sources */ = {isa = PBXBuildFile; fileRef = 1FADC6862BCC71A400706DC1 /* ImageExtensions.swift */; };
		1FADC68A2BCC722500706DC1 /* ProfileButtonView.swift in Sources */ = {isa = PBXBuildFile; fileRef = 1FADC6892BCC722500706DC1 /* ProfileButtonView.swift */; };
		1FADC68E2BCC753700706DC1 /* CustomTabShape.swift in Sources */ = {isa = PBXBuildFile; fileRef = 1FADC68D2BCC753700706DC1 /* CustomTabShape.swift */; };
		1FADC6932BCC76D900706DC1 /* HomeViewFunctions.swift in Sources */ = {isa = PBXBuildFile; fileRef = 1FADC6922BCC76D900706DC1 /* HomeViewFunctions.swift */; };
		1FADC6952BCC781600706DC1 /* TabsView.swift in Sources */ = {isa = PBXBuildFile; fileRef = 1FADC6942BCC781600706DC1 /* TabsView.swift */; };
		1FADC69D2BCC7E2700706DC1 /* PrimaryButtonStyle.swift in Sources */ = {isa = PBXBuildFile; fileRef = 1FADC69C2BCC7E2700706DC1 /* PrimaryButtonStyle.swift */; };
		1FB876CA2BF7CBD8003658D7 /* ProfilePictureView.swift in Sources */ = {isa = PBXBuildFile; fileRef = 1FB876C92BF7CBD8003658D7 /* ProfilePictureView.swift */; };
		1FB876CC2BF7CBE9003658D7 /* ProfilePicturesScrollView.swift in Sources */ = {isa = PBXBuildFile; fileRef = 1FB876CB2BF7CBE9003658D7 /* ProfilePicturesScrollView.swift */; };
		1FB876CF2BFA6A27003658D7 /* SwiftfulLoadingIndicators in Frameworks */ = {isa = PBXBuildFile; productRef = 1FB876CE2BFA6A27003658D7 /* SwiftfulLoadingIndicators */; };
		1FC088D62BED730D00B72EBB /* WBJoinViewModel.swift in Sources */ = {isa = PBXBuildFile; fileRef = 1FC088D52BED730D00B72EBB /* WBJoinViewModel.swift */; };
		1FED8A9E2BDAB6C300D70801 /* AuthenticationManager.swift in Sources */ = {isa = PBXBuildFile; fileRef = 1FED8A9D2BDAB6C300D70801 /* AuthenticationManager.swift */; };
		1FF296E32BD2D9290011C598 /* ColorExtentions.swift in Sources */ = {isa = PBXBuildFile; fileRef = 1FF296E22BD2D9290011C598 /* ColorExtentions.swift */; };
		1FF296E92BD368E50011C598 /* TransparentHelper.swift in Sources */ = {isa = PBXBuildFile; fileRef = 1FF296E82BD368E50011C598 /* TransparentHelper.swift */; };
		1FF5501B2BF2E2D40099A435 /* ProfilePicViewModel.swift in Sources */ = {isa = PBXBuildFile; fileRef = 1FF5501A2BF2E2D40099A435 /* ProfilePicViewModel.swift */; };
		1FF9BD512BCF18480017005D /* GradientView.swift in Sources */ = {isa = PBXBuildFile; fileRef = 1FF9BD502BCF18480017005D /* GradientView.swift */; };
		E55F6CBA2B9A1F5500E472B8 /* iRAKApp.swift in Sources */ = {isa = PBXBuildFile; fileRef = E55F6CB92B9A1F5500E472B8 /* iRAKApp.swift */; };
		E55F6CBC2B9A1F5500E472B8 /* WBHomeView.swift in Sources */ = {isa = PBXBuildFile; fileRef = E55F6CBB2B9A1F5500E472B8 /* WBHomeView.swift */; };
		E55F6CBE2B9A1F5700E472B8 /* Assets.xcassets in Resources */ = {isa = PBXBuildFile; fileRef = E55F6CBD2B9A1F5700E472B8 /* Assets.xcassets */; };
		E55F6CC12B9A1F5700E472B8 /* Preview Assets.xcassets in Resources */ = {isa = PBXBuildFile; fileRef = E55F6CC02B9A1F5700E472B8 /* Preview Assets.xcassets */; };
/* End PBXBuildFile section */

/* Begin PBXFileReference section */
		1F36F3782BD4C75F00DB1D31 /* GoogleService-Info.plist */ = {isa = PBXFileReference; fileEncoding = 4; lastKnownFileType = text.plist.xml; path = "GoogleService-Info.plist"; sourceTree = "<group>"; };
		1F45870D2BC59AE900CB5562 /* SettingsView.swift */ = {isa = PBXFileReference; fileEncoding = 4; lastKnownFileType = sourcecode.swift; path = SettingsView.swift; sourceTree = "<group>"; };
		1F45870F2BC59AEF00CB5562 /* ProfileView.swift */ = {isa = PBXFileReference; fileEncoding = 4; lastKnownFileType = sourcecode.swift; path = ProfileView.swift; sourceTree = "<group>"; };
		1F54FDE92BA355390063B0C4 /* HomeView.swift */ = {isa = PBXFileReference; lastKnownFileType = sourcecode.swift; path = HomeView.swift; sourceTree = "<group>"; };
		1F6177C02BE58A6B0038BD17 /* WBHostView.swift */ = {isa = PBXFileReference; lastKnownFileType = sourcecode.swift; path = WBHostView.swift; sourceTree = "<group>"; };
		1F6177C32BEB152C0038BD17 /* WBHostViewModel.swift */ = {isa = PBXFileReference; lastKnownFileType = sourcecode.swift; path = WBHostViewModel.swift; sourceTree = "<group>"; };
		1F6177C52BEB15D20038BD17 /* WBJoinView.swift */ = {isa = PBXFileReference; lastKnownFileType = sourcecode.swift; path = WBJoinView.swift; sourceTree = "<group>"; };
		1F9C63C32BCF1E7400782B3A /* TriviaTrenchHomeView.swift */ = {isa = PBXFileReference; lastKnownFileType = sourcecode.swift; path = TriviaTrenchHomeView.swift; sourceTree = "<group>"; };
		1F9C63C52BCF1EB400782B3A /* HeadsUpHomeView.swift */ = {isa = PBXFileReference; lastKnownFileType = sourcecode.swift; path = HeadsUpHomeView.swift; sourceTree = "<group>"; };
		1F9C63C72BCF1EC400782B3A /* WardleHomeView.swift */ = {isa = PBXFileReference; lastKnownFileType = sourcecode.swift; path = WardleHomeView.swift; sourceTree = "<group>"; };
		1F9C63C92BCF1ED300782B3A /* SniperTrainerHomeView.swift */ = {isa = PBXFileReference; lastKnownFileType = sourcecode.swift; path = SniperTrainerHomeView.swift; sourceTree = "<group>"; };
		1F9C63CB2BD04CCA00782B3A /* Settings.swift */ = {isa = PBXFileReference; lastKnownFileType = sourcecode.swift; path = Settings.swift; sourceTree = "<group>"; };
		1FADC6862BCC71A400706DC1 /* ImageExtensions.swift */ = {isa = PBXFileReference; lastKnownFileType = sourcecode.swift; path = ImageExtensions.swift; sourceTree = "<group>"; };
		1FADC6892BCC722500706DC1 /* ProfileButtonView.swift */ = {isa = PBXFileReference; lastKnownFileType = sourcecode.swift; path = ProfileButtonView.swift; sourceTree = "<group>"; };
		1FADC68D2BCC753700706DC1 /* CustomTabShape.swift */ = {isa = PBXFileReference; lastKnownFileType = sourcecode.swift; path = CustomTabShape.swift; sourceTree = "<group>"; };
		1FADC6922BCC76D900706DC1 /* HomeViewFunctions.swift */ = {isa = PBXFileReference; lastKnownFileType = sourcecode.swift; path = HomeViewFunctions.swift; sourceTree = "<group>"; };
		1FADC6942BCC781600706DC1 /* TabsView.swift */ = {isa = PBXFileReference; lastKnownFileType = sourcecode.swift; path = TabsView.swift; sourceTree = "<group>"; };
		1FADC69C2BCC7E2700706DC1 /* PrimaryButtonStyle.swift */ = {isa = PBXFileReference; lastKnownFileType = sourcecode.swift; path = PrimaryButtonStyle.swift; sourceTree = "<group>"; };
		1FB876C92BF7CBD8003658D7 /* ProfilePictureView.swift */ = {isa = PBXFileReference; lastKnownFileType = sourcecode.swift; path = ProfilePictureView.swift; sourceTree = "<group>"; };
		1FB876CB2BF7CBE9003658D7 /* ProfilePicturesScrollView.swift */ = {isa = PBXFileReference; lastKnownFileType = sourcecode.swift; path = ProfilePicturesScrollView.swift; sourceTree = "<group>"; };
		1FC088D52BED730D00B72EBB /* WBJoinViewModel.swift */ = {isa = PBXFileReference; lastKnownFileType = sourcecode.swift; path = WBJoinViewModel.swift; sourceTree = "<group>"; };
		1FED8A9D2BDAB6C300D70801 /* AuthenticationManager.swift */ = {isa = PBXFileReference; lastKnownFileType = sourcecode.swift; path = AuthenticationManager.swift; sourceTree = "<group>"; };
		1FF296E22BD2D9290011C598 /* ColorExtentions.swift */ = {isa = PBXFileReference; lastKnownFileType = sourcecode.swift; path = ColorExtentions.swift; sourceTree = "<group>"; };
		1FF296E82BD368E50011C598 /* TransparentHelper.swift */ = {isa = PBXFileReference; lastKnownFileType = sourcecode.swift; path = TransparentHelper.swift; sourceTree = "<group>"; };
		1FF5501A2BF2E2D40099A435 /* ProfilePicViewModel.swift */ = {isa = PBXFileReference; lastKnownFileType = sourcecode.swift; path = ProfilePicViewModel.swift; sourceTree = "<group>"; };
		1FF9BD502BCF18480017005D /* GradientView.swift */ = {isa = PBXFileReference; fileEncoding = 4; lastKnownFileType = sourcecode.swift; path = GradientView.swift; sourceTree = "<group>"; };
		E55F6CB62B9A1F5500E472B8 /* iRAK.app */ = {isa = PBXFileReference; explicitFileType = wrapper.application; includeInIndex = 0; path = iRAK.app; sourceTree = BUILT_PRODUCTS_DIR; };
		E55F6CB92B9A1F5500E472B8 /* iRAKApp.swift */ = {isa = PBXFileReference; lastKnownFileType = sourcecode.swift; path = iRAKApp.swift; sourceTree = "<group>"; };
		E55F6CBB2B9A1F5500E472B8 /* WBHomeView.swift */ = {isa = PBXFileReference; lastKnownFileType = sourcecode.swift; path = WBHomeView.swift; sourceTree = "<group>"; };
		E55F6CBD2B9A1F5700E472B8 /* Assets.xcassets */ = {isa = PBXFileReference; lastKnownFileType = folder.assetcatalog; path = Assets.xcassets; sourceTree = "<group>"; };
		E55F6CC02B9A1F5700E472B8 /* Preview Assets.xcassets */ = {isa = PBXFileReference; lastKnownFileType = folder.assetcatalog; path = "Preview Assets.xcassets"; sourceTree = "<group>"; };
/* End PBXFileReference section */

/* Begin PBXFrameworksBuildPhase section */
		E55F6CB32B9A1F5500E472B8 /* Frameworks */ = {
			isa = PBXFrameworksBuildPhase;
			buildActionMask = 2147483647;
			files = (
				1F36F38E2BD4C84000DB1D31 /* FirebaseDatabase in Frameworks */,
				1F36F39C2BD4C84000DB1D31 /* FirebaseFunctionsCombine-Community in Frameworks */,
				1F36F3942BD4C84000DB1D31 /* FirebaseFirestore in Frameworks */,
				1F36F3802BD4C84000DB1D31 /* FirebaseAnalyticsSwift in Frameworks */,
				1F36F37C2BD4C84000DB1D31 /* FirebaseAnalytics in Frameworks */,
				1F36F37E2BD4C84000DB1D31 /* FirebaseAnalyticsOnDeviceConversion in Frameworks */,
				1F36F3A42BD4C84000DB1D31 /* FirebaseMLModelDownloader in Frameworks */,
				1F36F3982BD4C84000DB1D31 /* FirebaseFirestoreSwift in Frameworks */,
				1F36F3842BD4C84000DB1D31 /* FirebaseAppCheck in Frameworks */,
				1F36F3822BD4C84000DB1D31 /* FirebaseAnalyticsWithoutAdIdSupport in Frameworks */,
				1F36F3882BD4C84000DB1D31 /* FirebaseAuth in Frameworks */,
				1FB876CF2BFA6A27003658D7 /* SwiftfulLoadingIndicators in Frameworks */,
				1F36F38C2BD4C84000DB1D31 /* FirebaseCrashlytics in Frameworks */,
				1F36F3AC2BD4C84000DB1D31 /* FirebaseRemoteConfigSwift in Frameworks */,
				1F7CF1D42BE2A26F00EC9E67 /* FirebaseAnalyticsOnDeviceConversion in Frameworks */,
				1F36F39E2BD4C84000DB1D31 /* FirebaseInAppMessaging-Beta in Frameworks */,
				1F7CF1D22BE2A26F00EC9E67 /* FirebaseAnalytics in Frameworks */,
				1F7CF1DA2BE2A26F00EC9E67 /* FirebaseAppCheck in Frameworks */,
				1F7CF1D82BE2A26F00EC9E67 /* FirebaseAnalyticsWithoutAdIdSupport in Frameworks */,
				1F36F3902BD4C84000DB1D31 /* FirebaseDatabaseSwift in Frameworks */,
				1F36F39A2BD4C84000DB1D31 /* FirebaseFunctions in Frameworks */,
				1F36F3B02BD4C84000DB1D31 /* FirebaseStorageCombine-Community in Frameworks */,
				1F36F3AA2BD4C84000DB1D31 /* FirebaseRemoteConfig in Frameworks */,
				1F36F3862BD4C84000DB1D31 /* FirebaseAppDistribution-Beta in Frameworks */,
				1F36F38A2BD4C84000DB1D31 /* FirebaseAuthCombine-Community in Frameworks */,
				1F36F3A82BD4C84000DB1D31 /* FirebasePerformance in Frameworks */,
				1F36F3A02BD4C84000DB1D31 /* FirebaseInAppMessagingSwift-Beta in Frameworks */,
				1F7CF1D62BE2A26F00EC9E67 /* FirebaseAnalyticsSwift in Frameworks */,
				1F36F3AE2BD4C84000DB1D31 /* FirebaseStorage in Frameworks */,
				1F36F3922BD4C84000DB1D31 /* FirebaseDynamicLinks in Frameworks */,
				1F36F3962BD4C84000DB1D31 /* FirebaseFirestoreCombine-Community in Frameworks */,
				1F36F3A62BD4C84000DB1D31 /* FirebaseMessaging in Frameworks */,
				1F36F3A22BD4C84000DB1D31 /* FirebaseInstallations in Frameworks */,
			);
			runOnlyForDeploymentPostprocessing = 0;
		};
/* End PBXFrameworksBuildPhase section */

/* Begin PBXGroup section */
		1F6177C22BEB0E220038BD17 /* WordBomb */ = {
			isa = PBXGroup;
			children = (
				E55F6CBB2B9A1F5500E472B8 /* WBHomeView.swift */,
				1F6177C02BE58A6B0038BD17 /* WBHostView.swift */,
				1F6177C52BEB15D20038BD17 /* WBJoinView.swift */,
			);
			path = WordBomb;
			sourceTree = "<group>";
		};
		1F9C63C12BCF1CB200782B3A /* HelperViews */ = {
			isa = PBXGroup;
			children = (
				1FADC6942BCC781600706DC1 /* TabsView.swift */,
				1FADC6892BCC722500706DC1 /* ProfileButtonView.swift */,
				1FF9BD502BCF18480017005D /* GradientView.swift */,
				1FADC69C2BCC7E2700706DC1 /* PrimaryButtonStyle.swift */,
				1FF296E82BD368E50011C598 /* TransparentHelper.swift */,
				1FB876C92BF7CBD8003658D7 /* ProfilePictureView.swift */,
				1FB876CB2BF7CBE9003658D7 /* ProfilePicturesScrollView.swift */,
			);
			path = HelperViews;
			sourceTree = "<group>";
		};
		1F9C63C22BCF1D1500782B3A /* GameViews */ = {
			isa = PBXGroup;
			children = (
				1F6177C22BEB0E220038BD17 /* WordBomb */,
				1F9C63C32BCF1E7400782B3A /* TriviaTrenchHomeView.swift */,
				1F9C63C52BCF1EB400782B3A /* HeadsUpHomeView.swift */,
				1F9C63C72BCF1EC400782B3A /* WardleHomeView.swift */,
				1F9C63C92BCF1ED300782B3A /* SniperTrainerHomeView.swift */,
			);
			path = GameViews;
			sourceTree = "<group>";
		};
		1FADC6882BCC71AC00706DC1 /* Extensions */ = {
			isa = PBXGroup;
			children = (
				1FADC6862BCC71A400706DC1 /* ImageExtensions.swift */,
				1FF296E22BD2D9290011C598 /* ColorExtentions.swift */,
			);
			path = Extensions;
			sourceTree = "<group>";
		};
		1FADC68B2BCC727400706DC1 /* Views */ = {
			isa = PBXGroup;
			children = (
				1F54FDE92BA355390063B0C4 /* HomeView.swift */,
				1F45870F2BC59AEF00CB5562 /* ProfileView.swift */,
				1F45870D2BC59AE900CB5562 /* SettingsView.swift */,
				1F9C63C22BCF1D1500782B3A /* GameViews */,
				1F9C63C12BCF1CB200782B3A /* HelperViews */,
			);
			path = Views;
			sourceTree = "<group>";
		};
		1FADC68C2BCC74F000706DC1 /* Shapes */ = {
			isa = PBXGroup;
			children = (
				1FADC68D2BCC753700706DC1 /* CustomTabShape.swift */,
			);
			path = Shapes;
			sourceTree = "<group>";
		};
		1FADC69B2BCC7C0300706DC1 /* ViewModels */ = {
			isa = PBXGroup;
			children = (
				1FADC6922BCC76D900706DC1 /* HomeViewFunctions.swift */,
				1F9C63CB2BD04CCA00782B3A /* Settings.swift */,
				1FF5501A2BF2E2D40099A435 /* ProfilePicViewModel.swift */,
				1F6177C32BEB152C0038BD17 /* WBHostViewModel.swift */,
				1FC088D52BED730D00B72EBB /* WBJoinViewModel.swift */,
			);
			path = ViewModels;
			sourceTree = "<group>";
		};
		1FED8A9C2BDAB5E000D70801 /* Model */ = {
			isa = PBXGroup;
			children = (
				1FED8A9D2BDAB6C300D70801 /* AuthenticationManager.swift */,
			);
			path = Model;
			sourceTree = "<group>";
		};
		E55F6CAD2B9A1F5500E472B8 = {
			isa = PBXGroup;
			children = (
				E55F6CB82B9A1F5500E472B8 /* iRAK */,
				E55F6CB72B9A1F5500E472B8 /* Products */,
			);
			sourceTree = "<group>";
		};
		E55F6CB72B9A1F5500E472B8 /* Products */ = {
			isa = PBXGroup;
			children = (
				E55F6CB62B9A1F5500E472B8 /* iRAK.app */,
			);
			name = Products;
			sourceTree = "<group>";
		};
		E55F6CB82B9A1F5500E472B8 /* iRAK */ = {
			isa = PBXGroup;
			children = (
				E55F6CB92B9A1F5500E472B8 /* iRAKApp.swift */,
				1FADC69B2BCC7C0300706DC1 /* ViewModels */,
				1FED8A9C2BDAB5E000D70801 /* Model */,
				1FADC68B2BCC727400706DC1 /* Views */,
				1FADC6882BCC71AC00706DC1 /* Extensions */,
				1FADC68C2BCC74F000706DC1 /* Shapes */,
				1F36F3782BD4C75F00DB1D31 /* GoogleService-Info.plist */,
				E55F6CBD2B9A1F5700E472B8 /* Assets.xcassets */,
				E55F6CBF2B9A1F5700E472B8 /* Preview Content */,
			);
			path = iRAK;
			sourceTree = "<group>";
		};
		E55F6CBF2B9A1F5700E472B8 /* Preview Content */ = {
			isa = PBXGroup;
			children = (
				E55F6CC02B9A1F5700E472B8 /* Preview Assets.xcassets */,
			);
			path = "Preview Content";
			sourceTree = "<group>";
		};
/* End PBXGroup section */

/* Begin PBXNativeTarget section */
		E55F6CB52B9A1F5500E472B8 /* iRAK */ = {
			isa = PBXNativeTarget;
			buildConfigurationList = E55F6CC42B9A1F5700E472B8 /* Build configuration list for PBXNativeTarget "iRAK" */;
			buildPhases = (
				E55F6CB22B9A1F5500E472B8 /* Sources */,
				E55F6CB32B9A1F5500E472B8 /* Frameworks */,
				E55F6CB42B9A1F5500E472B8 /* Resources */,
			);
			buildRules = (
			);
			dependencies = (
			);
			name = iRAK;
			packageProductDependencies = (
				1F36F37B2BD4C84000DB1D31 /* FirebaseAnalytics */,
				1F36F37D2BD4C84000DB1D31 /* FirebaseAnalyticsOnDeviceConversion */,
				1F36F37F2BD4C84000DB1D31 /* FirebaseAnalyticsSwift */,
				1F36F3812BD4C84000DB1D31 /* FirebaseAnalyticsWithoutAdIdSupport */,
				1F36F3832BD4C84000DB1D31 /* FirebaseAppCheck */,
				1F36F3852BD4C84000DB1D31 /* FirebaseAppDistribution-Beta */,
				1F36F3872BD4C84000DB1D31 /* FirebaseAuth */,
				1F36F3892BD4C84000DB1D31 /* FirebaseAuthCombine-Community */,
				1F36F38B2BD4C84000DB1D31 /* FirebaseCrashlytics */,
				1F36F38D2BD4C84000DB1D31 /* FirebaseDatabase */,
				1F36F38F2BD4C84000DB1D31 /* FirebaseDatabaseSwift */,
				1F36F3912BD4C84000DB1D31 /* FirebaseDynamicLinks */,
				1F36F3932BD4C84000DB1D31 /* FirebaseFirestore */,
				1F36F3952BD4C84000DB1D31 /* FirebaseFirestoreCombine-Community */,
				1F36F3972BD4C84000DB1D31 /* FirebaseFirestoreSwift */,
				1F36F3992BD4C84000DB1D31 /* FirebaseFunctions */,
				1F36F39B2BD4C84000DB1D31 /* FirebaseFunctionsCombine-Community */,
				1F36F39D2BD4C84000DB1D31 /* FirebaseInAppMessaging-Beta */,
				1F36F39F2BD4C84000DB1D31 /* FirebaseInAppMessagingSwift-Beta */,
				1F36F3A12BD4C84000DB1D31 /* FirebaseInstallations */,
				1F36F3A32BD4C84000DB1D31 /* FirebaseMLModelDownloader */,
				1F36F3A52BD4C84000DB1D31 /* FirebaseMessaging */,
				1F36F3A72BD4C84000DB1D31 /* FirebasePerformance */,
				1F36F3A92BD4C84000DB1D31 /* FirebaseRemoteConfig */,
				1F36F3AB2BD4C84000DB1D31 /* FirebaseRemoteConfigSwift */,
				1F36F3AD2BD4C84000DB1D31 /* FirebaseStorage */,
				1F36F3AF2BD4C84000DB1D31 /* FirebaseStorageCombine-Community */,
				1F7CF1D12BE2A26F00EC9E67 /* FirebaseAnalytics */,
				1F7CF1D32BE2A26F00EC9E67 /* FirebaseAnalyticsOnDeviceConversion */,
				1F7CF1D52BE2A26F00EC9E67 /* FirebaseAnalyticsSwift */,
				1F7CF1D72BE2A26F00EC9E67 /* FirebaseAnalyticsWithoutAdIdSupport */,
				1F7CF1D92BE2A26F00EC9E67 /* FirebaseAppCheck */,
				1FB876CE2BFA6A27003658D7 /* SwiftfulLoadingIndicators */,
			);
			productName = iRAK;
			productReference = E55F6CB62B9A1F5500E472B8 /* iRAK.app */;
			productType = "com.apple.product-type.application";
		};
/* End PBXNativeTarget section */

/* Begin PBXProject section */
		E55F6CAE2B9A1F5500E472B8 /* Project object */ = {
			isa = PBXProject;
			attributes = {
				BuildIndependentTargetsInParallel = 1;
				LastSwiftUpdateCheck = 1420;
				LastUpgradeCheck = 1420;
				TargetAttributes = {
					E55F6CB52B9A1F5500E472B8 = {
						CreatedOnToolsVersion = 14.2;
					};
				};
			};
			buildConfigurationList = E55F6CB12B9A1F5500E472B8 /* Build configuration list for PBXProject "iRAK" */;
			compatibilityVersion = "Xcode 14.0";
			developmentRegion = en;
			hasScannedForEncodings = 0;
			knownRegions = (
				en,
				Base,
			);
			mainGroup = E55F6CAD2B9A1F5500E472B8;
			packageReferences = (
				1F36F37A2BD4C84000DB1D31 /* XCRemoteSwiftPackageReference "firebase-ios-sdk" */,
				1FB876CD2BFA6A27003658D7 /* XCRemoteSwiftPackageReference "SwiftfulLoadingIndicators" */,
			);
			productRefGroup = E55F6CB72B9A1F5500E472B8 /* Products */;
			projectDirPath = "";
			projectRoot = "";
			targets = (
				E55F6CB52B9A1F5500E472B8 /* iRAK */,
			);
		};
/* End PBXProject section */

/* Begin PBXResourcesBuildPhase section */
		E55F6CB42B9A1F5500E472B8 /* Resources */ = {
			isa = PBXResourcesBuildPhase;
			buildActionMask = 2147483647;
			files = (
				E55F6CC12B9A1F5700E472B8 /* Preview Assets.xcassets in Resources */,
				E55F6CBE2B9A1F5700E472B8 /* Assets.xcassets in Resources */,
				1F36F3792BD4C75F00DB1D31 /* GoogleService-Info.plist in Resources */,
			);
			runOnlyForDeploymentPostprocessing = 0;
		};
/* End PBXResourcesBuildPhase section */

/* Begin PBXSourcesBuildPhase section */
		E55F6CB22B9A1F5500E472B8 /* Sources */ = {
			isa = PBXSourcesBuildPhase;
			buildActionMask = 2147483647;
			files = (
				1F45870E2BC59AE900CB5562 /* SettingsView.swift in Sources */,
				1F54FDEA2BA355390063B0C4 /* HomeView.swift in Sources */,
				1F6177C42BEB152C0038BD17 /* WBHostViewModel.swift in Sources */,
				1F9C63C82BCF1EC400782B3A /* WardleHomeView.swift in Sources */,
				1F9C63C42BCF1E7400782B3A /* TriviaTrenchHomeView.swift in Sources */,
				1FB876CC2BF7CBE9003658D7 /* ProfilePicturesScrollView.swift in Sources */,
				1FC088D62BED730D00B72EBB /* WBJoinViewModel.swift in Sources */,
				1F9C63CA2BCF1ED300782B3A /* SniperTrainerHomeView.swift in Sources */,
				E55F6CBC2B9A1F5500E472B8 /* WBHomeView.swift in Sources */,
				1FADC68E2BCC753700706DC1 /* CustomTabShape.swift in Sources */,
				1F6177C12BE58A6B0038BD17 /* WBHostView.swift in Sources */,
				1FF5501B2BF2E2D40099A435 /* ProfilePicViewModel.swift in Sources */,
				1FADC68A2BCC722500706DC1 /* ProfileButtonView.swift in Sources */,
				1FADC6952BCC781600706DC1 /* TabsView.swift in Sources */,
				1F6177C62BEB15D20038BD17 /* WBJoinView.swift in Sources */,
				1FADC69D2BCC7E2700706DC1 /* PrimaryButtonStyle.swift in Sources */,
				1FB876CA2BF7CBD8003658D7 /* ProfilePictureView.swift in Sources */,
				1F4587102BC59AEF00CB5562 /* ProfileView.swift in Sources */,
				1FADC6932BCC76D900706DC1 /* HomeViewFunctions.swift in Sources */,
				1FADC6872BCC71A400706DC1 /* ImageExtensions.swift in Sources */,
				1FED8A9E2BDAB6C300D70801 /* AuthenticationManager.swift in Sources */,
				1FF9BD512BCF18480017005D /* GradientView.swift in Sources */,
				1F9C63C62BCF1EB400782B3A /* HeadsUpHomeView.swift in Sources */,
				1FF296E92BD368E50011C598 /* TransparentHelper.swift in Sources */,
				E55F6CBA2B9A1F5500E472B8 /* iRAKApp.swift in Sources */,
				1FF296E32BD2D9290011C598 /* ColorExtentions.swift in Sources */,
				1F9C63CC2BD04CCA00782B3A /* Settings.swift in Sources */,
			);
			runOnlyForDeploymentPostprocessing = 0;
		};
/* End PBXSourcesBuildPhase section */

/* Begin XCBuildConfiguration section */
		E55F6CC22B9A1F5700E472B8 /* Debug */ = {
			isa = XCBuildConfiguration;
			buildSettings = {
				ALWAYS_SEARCH_USER_PATHS = NO;
				CLANG_ANALYZER_NONNULL = YES;
				CLANG_ANALYZER_NUMBER_OBJECT_CONVERSION = YES_AGGRESSIVE;
				CLANG_CXX_LANGUAGE_STANDARD = "gnu++20";
				CLANG_ENABLE_MODULES = YES;
				CLANG_ENABLE_OBJC_ARC = YES;
				CLANG_ENABLE_OBJC_WEAK = YES;
				CLANG_WARN_BLOCK_CAPTURE_AUTORELEASING = YES;
				CLANG_WARN_BOOL_CONVERSION = YES;
				CLANG_WARN_COMMA = YES;
				CLANG_WARN_CONSTANT_CONVERSION = YES;
				CLANG_WARN_DEPRECATED_OBJC_IMPLEMENTATIONS = YES;
				CLANG_WARN_DIRECT_OBJC_ISA_USAGE = YES_ERROR;
				CLANG_WARN_DOCUMENTATION_COMMENTS = YES;
				CLANG_WARN_EMPTY_BODY = YES;
				CLANG_WARN_ENUM_CONVERSION = YES;
				CLANG_WARN_INFINITE_RECURSION = YES;
				CLANG_WARN_INT_CONVERSION = YES;
				CLANG_WARN_NON_LITERAL_NULL_CONVERSION = YES;
				CLANG_WARN_OBJC_IMPLICIT_RETAIN_SELF = YES;
				CLANG_WARN_OBJC_LITERAL_CONVERSION = YES;
				CLANG_WARN_OBJC_ROOT_CLASS = YES_ERROR;
				CLANG_WARN_QUOTED_INCLUDE_IN_FRAMEWORK_HEADER = YES;
				CLANG_WARN_RANGE_LOOP_ANALYSIS = YES;
				CLANG_WARN_STRICT_PROTOTYPES = YES;
				CLANG_WARN_SUSPICIOUS_MOVE = YES;
				CLANG_WARN_UNGUARDED_AVAILABILITY = YES_AGGRESSIVE;
				CLANG_WARN_UNREACHABLE_CODE = YES;
				CLANG_WARN__DUPLICATE_METHOD_MATCH = YES;
				COPY_PHASE_STRIP = NO;
				DEBUG_INFORMATION_FORMAT = dwarf;
				ENABLE_STRICT_OBJC_MSGSEND = YES;
				ENABLE_TESTABILITY = YES;
				GCC_C_LANGUAGE_STANDARD = gnu11;
				GCC_DYNAMIC_NO_PIC = NO;
				GCC_NO_COMMON_BLOCKS = YES;
				GCC_OPTIMIZATION_LEVEL = 0;
				GCC_PREPROCESSOR_DEFINITIONS = (
					"DEBUG=1",
					"$(inherited)",
				);
				GCC_WARN_64_TO_32_BIT_CONVERSION = YES;
				GCC_WARN_ABOUT_RETURN_TYPE = YES_ERROR;
				GCC_WARN_UNDECLARED_SELECTOR = YES;
				GCC_WARN_UNINITIALIZED_AUTOS = YES_AGGRESSIVE;
				GCC_WARN_UNUSED_FUNCTION = YES;
				GCC_WARN_UNUSED_VARIABLE = YES;
				IPHONEOS_DEPLOYMENT_TARGET = 16.2;
				MTL_ENABLE_DEBUG_INFO = INCLUDE_SOURCE;
				MTL_FAST_MATH = YES;
				ONLY_ACTIVE_ARCH = YES;
				SDKROOT = iphoneos;
				SWIFT_ACTIVE_COMPILATION_CONDITIONS = DEBUG;
				SWIFT_OPTIMIZATION_LEVEL = "-Onone";
			};
			name = Debug;
		};
		E55F6CC32B9A1F5700E472B8 /* Release */ = {
			isa = XCBuildConfiguration;
			buildSettings = {
				ALWAYS_SEARCH_USER_PATHS = NO;
				CLANG_ANALYZER_NONNULL = YES;
				CLANG_ANALYZER_NUMBER_OBJECT_CONVERSION = YES_AGGRESSIVE;
				CLANG_CXX_LANGUAGE_STANDARD = "gnu++20";
				CLANG_ENABLE_MODULES = YES;
				CLANG_ENABLE_OBJC_ARC = YES;
				CLANG_ENABLE_OBJC_WEAK = YES;
				CLANG_WARN_BLOCK_CAPTURE_AUTORELEASING = YES;
				CLANG_WARN_BOOL_CONVERSION = YES;
				CLANG_WARN_COMMA = YES;
				CLANG_WARN_CONSTANT_CONVERSION = YES;
				CLANG_WARN_DEPRECATED_OBJC_IMPLEMENTATIONS = YES;
				CLANG_WARN_DIRECT_OBJC_ISA_USAGE = YES_ERROR;
				CLANG_WARN_DOCUMENTATION_COMMENTS = YES;
				CLANG_WARN_EMPTY_BODY = YES;
				CLANG_WARN_ENUM_CONVERSION = YES;
				CLANG_WARN_INFINITE_RECURSION = YES;
				CLANG_WARN_INT_CONVERSION = YES;
				CLANG_WARN_NON_LITERAL_NULL_CONVERSION = YES;
				CLANG_WARN_OBJC_IMPLICIT_RETAIN_SELF = YES;
				CLANG_WARN_OBJC_LITERAL_CONVERSION = YES;
				CLANG_WARN_OBJC_ROOT_CLASS = YES_ERROR;
				CLANG_WARN_QUOTED_INCLUDE_IN_FRAMEWORK_HEADER = YES;
				CLANG_WARN_RANGE_LOOP_ANALYSIS = YES;
				CLANG_WARN_STRICT_PROTOTYPES = YES;
				CLANG_WARN_SUSPICIOUS_MOVE = YES;
				CLANG_WARN_UNGUARDED_AVAILABILITY = YES_AGGRESSIVE;
				CLANG_WARN_UNREACHABLE_CODE = YES;
				CLANG_WARN__DUPLICATE_METHOD_MATCH = YES;
				COPY_PHASE_STRIP = NO;
				DEBUG_INFORMATION_FORMAT = "dwarf-with-dsym";
				ENABLE_NS_ASSERTIONS = NO;
				ENABLE_STRICT_OBJC_MSGSEND = YES;
				GCC_C_LANGUAGE_STANDARD = gnu11;
				GCC_NO_COMMON_BLOCKS = YES;
				GCC_WARN_64_TO_32_BIT_CONVERSION = YES;
				GCC_WARN_ABOUT_RETURN_TYPE = YES_ERROR;
				GCC_WARN_UNDECLARED_SELECTOR = YES;
				GCC_WARN_UNINITIALIZED_AUTOS = YES_AGGRESSIVE;
				GCC_WARN_UNUSED_FUNCTION = YES;
				GCC_WARN_UNUSED_VARIABLE = YES;
				IPHONEOS_DEPLOYMENT_TARGET = 16.2;
				MTL_ENABLE_DEBUG_INFO = NO;
				MTL_FAST_MATH = YES;
				SDKROOT = iphoneos;
				SWIFT_COMPILATION_MODE = wholemodule;
				SWIFT_OPTIMIZATION_LEVEL = "-O";
				VALIDATE_PRODUCT = YES;
			};
			name = Release;
		};
		E55F6CC52B9A1F5700E472B8 /* Debug */ = {
			isa = XCBuildConfiguration;
			buildSettings = {
				ASSETCATALOG_COMPILER_APPICON_NAME = AppIcon;
				ASSETCATALOG_COMPILER_GLOBAL_ACCENT_COLOR_NAME = AccentColor;
				CODE_SIGN_IDENTITY = "Apple Development";
				CODE_SIGN_STYLE = Automatic;
				CURRENT_PROJECT_VERSION = 1;
				DEVELOPMENT_ASSET_PATHS = "\"iRAK/Preview Content\"";
				DEVELOPMENT_TEAM = TTW839W4A8;
				ENABLE_PREVIEWS = YES;
				GENERATE_INFOPLIST_FILE = YES;
				INFOPLIST_KEY_UIApplicationSceneManifest_Generation = YES;
				INFOPLIST_KEY_UIApplicationSupportsIndirectInputEvents = YES;
				INFOPLIST_KEY_UILaunchScreen_Generation = YES;
				INFOPLIST_KEY_UISupportedInterfaceOrientations = UIInterfaceOrientationPortrait;
				INFOPLIST_KEY_UISupportedInterfaceOrientations_iPad = "UIInterfaceOrientationLandscapeLeft UIInterfaceOrientationLandscapeRight UIInterfaceOrientationPortrait UIInterfaceOrientationPortraitUpsideDown";
				IPHONEOS_DEPLOYMENT_TARGET = 17.2;
				LD_RUNPATH_SEARCH_PATHS = (
					"$(inherited)",
					"@executable_path/Frameworks",
				);
				MARKETING_VERSION = 1.0;
				PRODUCT_BUNDLE_IDENTIFIER = "Eden-Prairie-Schools.iRAK";
				PRODUCT_NAME = "$(TARGET_NAME)";
				PROVISIONING_PROFILE_SPECIFIER = "";
				SUPPORTED_PLATFORMS = "iphoneos iphonesimulator";
				SUPPORTS_MACCATALYST = NO;
				SUPPORTS_MAC_DESIGNED_FOR_IPHONE_IPAD = NO;
				SUPPORTS_XR_DESIGNED_FOR_IPHONE_IPAD = NO;
				SWIFT_EMIT_LOC_STRINGS = YES;
				SWIFT_VERSION = 5.0;
				TARGETED_DEVICE_FAMILY = 1;
			};
			name = Debug;
		};
		E55F6CC62B9A1F5700E472B8 /* Release */ = {
			isa = XCBuildConfiguration;
			buildSettings = {
				ASSETCATALOG_COMPILER_APPICON_NAME = AppIcon;
				ASSETCATALOG_COMPILER_GLOBAL_ACCENT_COLOR_NAME = AccentColor;
				CODE_SIGN_IDENTITY = "Apple Development";
				CODE_SIGN_STYLE = Automatic;
				CURRENT_PROJECT_VERSION = 1;
				DEVELOPMENT_ASSET_PATHS = "\"iRAK/Preview Content\"";
				DEVELOPMENT_TEAM = TTW839W4A8;
				ENABLE_PREVIEWS = YES;
				GENERATE_INFOPLIST_FILE = YES;
				INFOPLIST_KEY_UIApplicationSceneManifest_Generation = YES;
				INFOPLIST_KEY_UIApplicationSupportsIndirectInputEvents = YES;
				INFOPLIST_KEY_UILaunchScreen_Generation = YES;
				INFOPLIST_KEY_UISupportedInterfaceOrientations = UIInterfaceOrientationPortrait;
				INFOPLIST_KEY_UISupportedInterfaceOrientations_iPad = "UIInterfaceOrientationLandscapeLeft UIInterfaceOrientationLandscapeRight UIInterfaceOrientationPortrait UIInterfaceOrientationPortraitUpsideDown";
				IPHONEOS_DEPLOYMENT_TARGET = 17.2;
				LD_RUNPATH_SEARCH_PATHS = (
					"$(inherited)",
					"@executable_path/Frameworks",
				);
				MARKETING_VERSION = 1.0;
				PRODUCT_BUNDLE_IDENTIFIER = "Eden-Prairie-Schools.iRAK";
				PRODUCT_NAME = "$(TARGET_NAME)";
				PROVISIONING_PROFILE_SPECIFIER = "";
				SUPPORTED_PLATFORMS = "iphoneos iphonesimulator";
				SUPPORTS_MACCATALYST = NO;
				SUPPORTS_MAC_DESIGNED_FOR_IPHONE_IPAD = NO;
				SUPPORTS_XR_DESIGNED_FOR_IPHONE_IPAD = NO;
				SWIFT_EMIT_LOC_STRINGS = YES;
				SWIFT_VERSION = 5.0;
				TARGETED_DEVICE_FAMILY = 1;
			};
			name = Release;
		};
/* End XCBuildConfiguration section */

/* Begin XCConfigurationList section */
		E55F6CB12B9A1F5500E472B8 /* Build configuration list for PBXProject "iRAK" */ = {
			isa = XCConfigurationList;
			buildConfigurations = (
				E55F6CC22B9A1F5700E472B8 /* Debug */,
				E55F6CC32B9A1F5700E472B8 /* Release */,
			);
			defaultConfigurationIsVisible = 0;
			defaultConfigurationName = Release;
		};
		E55F6CC42B9A1F5700E472B8 /* Build configuration list for PBXNativeTarget "iRAK" */ = {
			isa = XCConfigurationList;
			buildConfigurations = (
				E55F6CC52B9A1F5700E472B8 /* Debug */,
				E55F6CC62B9A1F5700E472B8 /* Release */,
			);
			defaultConfigurationIsVisible = 0;
			defaultConfigurationName = Release;
		};
/* End XCConfigurationList section */

/* Begin XCRemoteSwiftPackageReference section */
		1F36F37A2BD4C84000DB1D31 /* XCRemoteSwiftPackageReference "firebase-ios-sdk" */ = {
			isa = XCRemoteSwiftPackageReference;
			repositoryURL = "https://github.com/firebase/firebase-ios-sdk";
			requirement = {
				kind = upToNextMajorVersion;
				minimumVersion = 10.24.0;
			};
		};
		1FB876CD2BFA6A27003658D7 /* XCRemoteSwiftPackageReference "SwiftfulLoadingIndicators" */ = {
			isa = XCRemoteSwiftPackageReference;
			repositoryURL = "https://github.com/SwiftfulThinking/SwiftfulLoadingIndicators.git";
			requirement = {
				kind = upToNextMajorVersion;
				minimumVersion = 0.0.4;
			};
		};
/* End XCRemoteSwiftPackageReference section */

/* Begin XCSwiftPackageProductDependency section */
		1F36F37B2BD4C84000DB1D31 /* FirebaseAnalytics */ = {
			isa = XCSwiftPackageProductDependency;
			package = 1F36F37A2BD4C84000DB1D31 /* XCRemoteSwiftPackageReference "firebase-ios-sdk" */;
			productName = FirebaseAnalytics;
		};
		1F36F37D2BD4C84000DB1D31 /* FirebaseAnalyticsOnDeviceConversion */ = {
			isa = XCSwiftPackageProductDependency;
			package = 1F36F37A2BD4C84000DB1D31 /* XCRemoteSwiftPackageReference "firebase-ios-sdk" */;
			productName = FirebaseAnalyticsOnDeviceConversion;
		};
		1F36F37F2BD4C84000DB1D31 /* FirebaseAnalyticsSwift */ = {
			isa = XCSwiftPackageProductDependency;
			package = 1F36F37A2BD4C84000DB1D31 /* XCRemoteSwiftPackageReference "firebase-ios-sdk" */;
			productName = FirebaseAnalyticsSwift;
		};
		1F36F3812BD4C84000DB1D31 /* FirebaseAnalyticsWithoutAdIdSupport */ = {
			isa = XCSwiftPackageProductDependency;
			package = 1F36F37A2BD4C84000DB1D31 /* XCRemoteSwiftPackageReference "firebase-ios-sdk" */;
			productName = FirebaseAnalyticsWithoutAdIdSupport;
		};
		1F36F3832BD4C84000DB1D31 /* FirebaseAppCheck */ = {
			isa = XCSwiftPackageProductDependency;
			package = 1F36F37A2BD4C84000DB1D31 /* XCRemoteSwiftPackageReference "firebase-ios-sdk" */;
			productName = FirebaseAppCheck;
		};
		1F36F3852BD4C84000DB1D31 /* FirebaseAppDistribution-Beta */ = {
			isa = XCSwiftPackageProductDependency;
			package = 1F36F37A2BD4C84000DB1D31 /* XCRemoteSwiftPackageReference "firebase-ios-sdk" */;
			productName = "FirebaseAppDistribution-Beta";
		};
		1F36F3872BD4C84000DB1D31 /* FirebaseAuth */ = {
			isa = XCSwiftPackageProductDependency;
			package = 1F36F37A2BD4C84000DB1D31 /* XCRemoteSwiftPackageReference "firebase-ios-sdk" */;
			productName = FirebaseAuth;
		};
		1F36F3892BD4C84000DB1D31 /* FirebaseAuthCombine-Community */ = {
			isa = XCSwiftPackageProductDependency;
			package = 1F36F37A2BD4C84000DB1D31 /* XCRemoteSwiftPackageReference "firebase-ios-sdk" */;
			productName = "FirebaseAuthCombine-Community";
		};
		1F36F38B2BD4C84000DB1D31 /* FirebaseCrashlytics */ = {
			isa = XCSwiftPackageProductDependency;
			package = 1F36F37A2BD4C84000DB1D31 /* XCRemoteSwiftPackageReference "firebase-ios-sdk" */;
			productName = FirebaseCrashlytics;
		};
		1F36F38D2BD4C84000DB1D31 /* FirebaseDatabase */ = {
			isa = XCSwiftPackageProductDependency;
			package = 1F36F37A2BD4C84000DB1D31 /* XCRemoteSwiftPackageReference "firebase-ios-sdk" */;
			productName = FirebaseDatabase;
		};
		1F36F38F2BD4C84000DB1D31 /* FirebaseDatabaseSwift */ = {
			isa = XCSwiftPackageProductDependency;
			package = 1F36F37A2BD4C84000DB1D31 /* XCRemoteSwiftPackageReference "firebase-ios-sdk" */;
			productName = FirebaseDatabaseSwift;
		};
		1F36F3912BD4C84000DB1D31 /* FirebaseDynamicLinks */ = {
			isa = XCSwiftPackageProductDependency;
			package = 1F36F37A2BD4C84000DB1D31 /* XCRemoteSwiftPackageReference "firebase-ios-sdk" */;
			productName = FirebaseDynamicLinks;
		};
		1F36F3932BD4C84000DB1D31 /* FirebaseFirestore */ = {
			isa = XCSwiftPackageProductDependency;
			package = 1F36F37A2BD4C84000DB1D31 /* XCRemoteSwiftPackageReference "firebase-ios-sdk" */;
			productName = FirebaseFirestore;
		};
		1F36F3952BD4C84000DB1D31 /* FirebaseFirestoreCombine-Community */ = {
			isa = XCSwiftPackageProductDependency;
			package = 1F36F37A2BD4C84000DB1D31 /* XCRemoteSwiftPackageReference "firebase-ios-sdk" */;
			productName = "FirebaseFirestoreCombine-Community";
		};
		1F36F3972BD4C84000DB1D31 /* FirebaseFirestoreSwift */ = {
			isa = XCSwiftPackageProductDependency;
			package = 1F36F37A2BD4C84000DB1D31 /* XCRemoteSwiftPackageReference "firebase-ios-sdk" */;
			productName = FirebaseFirestoreSwift;
		};
		1F36F3992BD4C84000DB1D31 /* FirebaseFunctions */ = {
			isa = XCSwiftPackageProductDependency;
			package = 1F36F37A2BD4C84000DB1D31 /* XCRemoteSwiftPackageReference "firebase-ios-sdk" */;
			productName = FirebaseFunctions;
		};
		1F36F39B2BD4C84000DB1D31 /* FirebaseFunctionsCombine-Community */ = {
			isa = XCSwiftPackageProductDependency;
			package = 1F36F37A2BD4C84000DB1D31 /* XCRemoteSwiftPackageReference "firebase-ios-sdk" */;
			productName = "FirebaseFunctionsCombine-Community";
		};
		1F36F39D2BD4C84000DB1D31 /* FirebaseInAppMessaging-Beta */ = {
			isa = XCSwiftPackageProductDependency;
			package = 1F36F37A2BD4C84000DB1D31 /* XCRemoteSwiftPackageReference "firebase-ios-sdk" */;
			productName = "FirebaseInAppMessaging-Beta";
		};
		1F36F39F2BD4C84000DB1D31 /* FirebaseInAppMessagingSwift-Beta */ = {
			isa = XCSwiftPackageProductDependency;
			package = 1F36F37A2BD4C84000DB1D31 /* XCRemoteSwiftPackageReference "firebase-ios-sdk" */;
			productName = "FirebaseInAppMessagingSwift-Beta";
		};
		1F36F3A12BD4C84000DB1D31 /* FirebaseInstallations */ = {
			isa = XCSwiftPackageProductDependency;
			package = 1F36F37A2BD4C84000DB1D31 /* XCRemoteSwiftPackageReference "firebase-ios-sdk" */;
			productName = FirebaseInstallations;
		};
		1F36F3A32BD4C84000DB1D31 /* FirebaseMLModelDownloader */ = {
			isa = XCSwiftPackageProductDependency;
			package = 1F36F37A2BD4C84000DB1D31 /* XCRemoteSwiftPackageReference "firebase-ios-sdk" */;
			productName = FirebaseMLModelDownloader;
		};
		1F36F3A52BD4C84000DB1D31 /* FirebaseMessaging */ = {
			isa = XCSwiftPackageProductDependency;
			package = 1F36F37A2BD4C84000DB1D31 /* XCRemoteSwiftPackageReference "firebase-ios-sdk" */;
			productName = FirebaseMessaging;
		};
		1F36F3A72BD4C84000DB1D31 /* FirebasePerformance */ = {
			isa = XCSwiftPackageProductDependency;
			package = 1F36F37A2BD4C84000DB1D31 /* XCRemoteSwiftPackageReference "firebase-ios-sdk" */;
			productName = FirebasePerformance;
		};
		1F36F3A92BD4C84000DB1D31 /* FirebaseRemoteConfig */ = {
			isa = XCSwiftPackageProductDependency;
			package = 1F36F37A2BD4C84000DB1D31 /* XCRemoteSwiftPackageReference "firebase-ios-sdk" */;
			productName = FirebaseRemoteConfig;
		};
		1F36F3AB2BD4C84000DB1D31 /* FirebaseRemoteConfigSwift */ = {
			isa = XCSwiftPackageProductDependency;
			package = 1F36F37A2BD4C84000DB1D31 /* XCRemoteSwiftPackageReference "firebase-ios-sdk" */;
			productName = FirebaseRemoteConfigSwift;
		};
		1F36F3AD2BD4C84000DB1D31 /* FirebaseStorage */ = {
			isa = XCSwiftPackageProductDependency;
			package = 1F36F37A2BD4C84000DB1D31 /* XCRemoteSwiftPackageReference "firebase-ios-sdk" */;
			productName = FirebaseStorage;
		};
		1F36F3AF2BD4C84000DB1D31 /* FirebaseStorageCombine-Community */ = {
			isa = XCSwiftPackageProductDependency;
			package = 1F36F37A2BD4C84000DB1D31 /* XCRemoteSwiftPackageReference "firebase-ios-sdk" */;
			productName = "FirebaseStorageCombine-Community";
		};
		1F7CF1D12BE2A26F00EC9E67 /* FirebaseAnalytics */ = {
			isa = XCSwiftPackageProductDependency;
			package = 1F36F37A2BD4C84000DB1D31 /* XCRemoteSwiftPackageReference "firebase-ios-sdk" */;
			productName = FirebaseAnalytics;
		};
		1F7CF1D32BE2A26F00EC9E67 /* FirebaseAnalyticsOnDeviceConversion */ = {
			isa = XCSwiftPackageProductDependency;
			package = 1F36F37A2BD4C84000DB1D31 /* XCRemoteSwiftPackageReference "firebase-ios-sdk" */;
			productName = FirebaseAnalyticsOnDeviceConversion;
		};
		1F7CF1D52BE2A26F00EC9E67 /* FirebaseAnalyticsSwift */ = {
			isa = XCSwiftPackageProductDependency;
			package = 1F36F37A2BD4C84000DB1D31 /* XCRemoteSwiftPackageReference "firebase-ios-sdk" */;
			productName = FirebaseAnalyticsSwift;
		};
		1F7CF1D72BE2A26F00EC9E67 /* FirebaseAnalyticsWithoutAdIdSupport */ = {
			isa = XCSwiftPackageProductDependency;
			package = 1F36F37A2BD4C84000DB1D31 /* XCRemoteSwiftPackageReference "firebase-ios-sdk" */;
			productName = FirebaseAnalyticsWithoutAdIdSupport;
		};
		1F7CF1D92BE2A26F00EC9E67 /* FirebaseAppCheck */ = {
			isa = XCSwiftPackageProductDependency;
			package = 1F36F37A2BD4C84000DB1D31 /* XCRemoteSwiftPackageReference "firebase-ios-sdk" */;
			productName = FirebaseAppCheck;
		};
		1FB876CE2BFA6A27003658D7 /* SwiftfulLoadingIndicators */ = {
			isa = XCSwiftPackageProductDependency;
			package = 1FB876CD2BFA6A27003658D7 /* XCRemoteSwiftPackageReference "SwiftfulLoadingIndicators" */;
			productName = SwiftfulLoadingIndicators;
		};
/* End XCSwiftPackageProductDependency section */
	};
	rootObject = E55F6CAE2B9A1F5500E472B8 /* Project object */;
}
